
Microsoft Visual Studio Solution File, Format Version 12.00
# Visual Studio Version 16
VisualStudioVersion = 16.0.33027.164
MinimumVisualStudioVersion = 10.0.40219.1
Project("{8BC9CEB8-8B4A-11D0-8D11-00A0C91BC942}") = "OpenLyricLimit", "src\OpenLyricLimit\OpenLyricLimit.vcxproj", "{B891E33B-0B96-4E2E-8695-BDF1A8151A72}"
EndProject
Project("{8BC9CEB8-8B4A-11D0-8D11-00A0C91BC942}") = "PotatoMM", "src\PotatoMM\PotatoMM.vcxproj", "{A3F8F8AD-4D09-45A3-936E-43C118D1AC93}"
EndProject
Project("{8BC9CEB8-8B4A-11D0-8D11-00A0C91BC942}") = "DivaLZMA", "src\DivaLZMA\DivaLZMA.vcxproj", "{108E115A-3012-436E-8DEF-758783DF7D8A}"
EndProject
Project("{8BC9CEB8-8B4A-11D0-8D11-00A0C91BC942}") = "OPDPlus", "src\OPDPlus\OPDPlus.vcxproj", "{7035BC8B-E63A-407A-B398-BD417482EA79}"
EndProject
Project("{8BC9CEB8-8B4A-11D0-8D11-00A0C91BC942}") = "SpriteDrawLimit", "src\SpriteDrawLimit\SpriteDrawLimit.vcxproj", "{BE55625F-77C5-40C8-9529-3212B2ADC014}"
EndProject
Global
	GlobalSection(SolutionConfigurationPlatforms) = preSolution
		Debug|x64 = Debug|x64
		Release|x64 = Release|x64
	EndGlobalSection
	GlobalSection(ProjectConfigurationPlatforms) = postSolution
		{B891E33B-0B96-4E2E-8695-BDF1A8151A72}.Debug|x64.ActiveCfg = Debug|x64
		{B891E33B-0B96-4E2E-8695-BDF1A8151A72}.Debug|x64.Build.0 = Debug|x64
		{B891E33B-0B96-4E2E-8695-BDF1A8151A72}.Release|x64.ActiveCfg = Release|x64
		{B891E33B-0B96-4E2E-8695-BDF1A8151A72}.Release|x64.Build.0 = Release|x64
		{A3F8F8AD-4D09-45A3-936E-43C118D1AC93}.Debug|x64.ActiveCfg = Debug|x64
		{A3F8F8AD-4D09-45A3-936E-43C118D1AC93}.Debug|x64.Build.0 = Debug|x64
		{A3F8F8AD-4D09-45A3-936E-43C118D1AC93}.Release|x64.ActiveCfg = Release|x64
		{A3F8F8AD-4D09-45A3-936E-43C118D1AC93}.Release|x64.Build.0 = Release|x64
		{108E115A-3012-436E-8DEF-758783DF7D8A}.Debug|x64.ActiveCfg = Debug|x64
		{108E115A-3012-436E-8DEF-758783DF7D8A}.Debug|x64.Build.0 = Debug|x64
		{108E115A-3012-436E-8DEF-758783DF7D8A}.Release|x64.ActiveCfg = Release|x64
		{108E115A-3012-436E-8DEF-758783DF7D8A}.Release|x64.Build.0 = Release|x64
		{7035BC8B-E63A-407A-B398-BD417482EA79}.Debug|x64.ActiveCfg = Debug|x64
		{7035BC8B-E63A-407A-B398-BD417482EA79}.Debug|x64.Build.0 = Debug|x64
		{7035BC8B-E63A-407A-B398-BD417482EA79}.Release|x64.ActiveCfg = Release|x64
		{7035BC8B-E63A-407A-B398-BD417482EA79}.Release|x64.Build.0 = Release|x64
		{BE55625F-77C5-40C8-9529-3212B2ADC014}.Debug|x64.ActiveCfg = Debug|x64
		{BE55625F-77C5-40C8-9529-3212B2ADC014}.Debug|x64.Build.0 = Debug|x64
		{BE55625F-77C5-40C8-9529-3212B2ADC014}.Release|x64.ActiveCfg = Release|x64
		{BE55625F-77C5-40C8-9529-3212B2ADC014}.Release|x64.Build.0 = Release|x64
	EndGlobalSection
	GlobalSection(SolutionProperties) = preSolution
		HideSolutionNode = FALSE
	EndGlobalSection
	GlobalSection(ExtensibilityGlobals) = postSolution
		SolutionGuid = {1BBC5926-5FA5-4B22-8410-99EFA37235CC}
	EndGlobalSection
EndGlobal
